
Microsoft Visual Studio Solution File, Format Version 12.00
# Visual Studio Version 16
VisualStudioVersion = 16.0.31424.327
MinimumVisualStudioVersion = 10.0.40219.1
Project("{FAE04EC0-301F-11D3-BF4B-00C04F79EFBC}") = "Palindrome", "Palindrome\Palindrome.csproj", "{25721C4F-0A68-40FF-B7BD-BE0D23063901}"
EndProject
Global
	GlobalSection(SolutionConfigurationPlatforms) = preSolution
		Debug|Any CPU = Debug|Any CPU
		Release|Any CPU = Release|Any CPU
	EndGlobalSection
	GlobalSection(ProjectConfigurationPlatforms) = postSolution
		{25721C4F-0A68-40FF-B7BD-BE0D23063901}.Debug|Any CPU.ActiveCfg = Debug|Any CPU
		{25721C4F-0A68-40FF-B7BD-BE0D23063901}.Debug|Any CPU.Build.0 = Debug|Any CPU
		{25721C4F-0A68-40FF-B7BD-BE0D23063901}.Release|Any CPU.ActiveCfg = Release|Any CPU
		{25721C4F-0A68-40FF-B7BD-BE0D23063901}.Release|Any CPU.Build.0 = Release|Any CPU
	EndGlobalSection
	GlobalSection(SolutionProperties) = preSolution
		HideSolutionNode = FALSE
	EndGlobalSection
	GlobalSection(ExtensibilityGlobals) = postSolution
		SolutionGuid = {2626512F-8ECE-4B7A-BFD3-375F35E9216B}
	EndGlobalSection
EndGlobal
