
Microsoft Visual Studio Solution File, Format Version 12.00
# Visual Studio Version 16
VisualStudioVersion = 16.0.31424.327
MinimumVisualStudioVersion = 10.0.40219.1
Project("{FAE04EC0-301F-11D3-BF4B-00C04F79EFBC}") = "AuthSystem", "AuthSystem\AuthSystem.csproj", "{FE40E101-7F1E-4291-A72E-D5AFBCD6BB97}"
EndProject
Global
	GlobalSection(SolutionConfigurationPlatforms) = preSolution
		Debug|Any CPU = Debug|Any CPU
		Release|Any CPU = Release|Any CPU
	EndGlobalSection
	GlobalSection(ProjectConfigurationPlatforms) = postSolution
		{FE40E101-7F1E-4291-A72E-D5AFBCD6BB97}.Debug|Any CPU.ActiveCfg = Debug|Any CPU
		{FE40E101-7F1E-4291-A72E-D5AFBCD6BB97}.Debug|Any CPU.Build.0 = Debug|Any CPU
		{FE40E101-7F1E-4291-A72E-D5AFBCD6BB97}.Release|Any CPU.ActiveCfg = Release|Any CPU
		{FE40E101-7F1E-4291-A72E-D5AFBCD6BB97}.Release|Any CPU.Build.0 = Release|Any CPU
	EndGlobalSection
	GlobalSection(SolutionProperties) = preSolution
		HideSolutionNode = FALSE
	EndGlobalSection
	GlobalSection(ExtensibilityGlobals) = postSolution
		SolutionGuid = {2992DD1B-B58B-47E3-A4E5-04AC3BC8A063}
	EndGlobalSection
EndGlobal
